
Microsoft Visual Studio Solution File, Format Version 12.00
# Visual Studio 15
VisualStudioVersion = 15.0.27130.2027
MinimumVisualStudioVersion = 10.0.40219.1
Project("{2150E333-8FDC-42A3-9474-1A3956D46DE8}") = "Print Libs", "Print Libs", "{71ABE565-DFAA-4688-B512-9DCF2769E26B}"
EndProject
Project("{2150E333-8FDC-42A3-9474-1A3956D46DE8}") = "Applications", "Applications", "{C34E738D-E959-432C-A582-CA3C9C00670F}"
EndProject
Project("{2150E333-8FDC-42A3-9474-1A3956D46DE8}") = "Common", "Common", "{D48ED044-7D74-4D70-9905-8A30D504A08E}"
	ProjectSection(SolutionItems) = preProject
		..\Common\Logs\Log.cs = ..\Common\Logs\Log.cs
	EndProjectSection
EndProject
Project("{FAE04EC0-301F-11D3-BF4B-00C04F79EFBC}") = "LabelCodePopulator", "LabelCodePopulator\LabelCodePopulator.csproj", "{D1920FEF-DEF8-4F7A-8A27-C80CD86BF19E}"
EndProject
Project("{FAE04EC0-301F-11D3-BF4B-00C04F79EFBC}") = "LabelsPollingService", "LabelsPollingService\LabelsPollingService.csproj", "{FF886144-273C-4B2F-ACF0-479316446BA1}"
EndProject
Project("{FAE04EC0-301F-11D3-BF4B-00C04F79EFBC}") = "AMCDatabase", "..\Common\AmcDataConnection\AMCDatabase.csproj", "{02037B3B-581C-4039-95DE-5F4CFA22AF6B}"
EndProject
Project("{FAE04EC0-301F-11D3-BF4B-00C04F79EFBC}") = "LabelGenerator", "Libraries\BartenderLabelGenerator\LabelGenerator.csproj", "{AE13809A-76A6-4DC6-9CEB-79933D2EF5B9}"
	ProjectSection(ProjectDependencies) = postProject
		{02037B3B-581C-4039-95DE-5F4CFA22AF6B} = {02037B3B-581C-4039-95DE-5F4CFA22AF6B}
	EndProjectSection
EndProject
Project("{FAE04EC0-301F-11D3-BF4B-00C04F79EFBC}") = "LabelPrinter", "Testing\TestBartenderFileGenerator\LabelPrinter.csproj", "{9CD3284B-13C2-4B42-BB49-6067AD90E0D3}"
	ProjectSection(ProjectDependencies) = postProject
		{02037B3B-581C-4039-95DE-5F4CFA22AF6B} = {02037B3B-581C-4039-95DE-5F4CFA22AF6B}
	EndProjectSection
EndProject
Project("{FAE04EC0-301F-11D3-BF4B-00C04F79EFBC}") = "TestResultsLib", "..\Common\TestResultsLib\TestResultsLib.csproj", "{D48D37B6-1AD2-4900-A717-85EF1AF559B7}"
EndProject
Project("{D954291E-2A0B-460D-934E-DC6B0785DB48}") = "Logging", "..\Common\Logs\Logging\Logging.shproj", "{BBFA2045-D2A2-49E9-996B-65A5C24724FE}"
EndProject
Global
	GlobalSection(SharedMSBuildProjectFiles) = preSolution
		..\Common\Logs\Logging\Logging.projitems*{ae13809a-76a6-4dc6-9ceb-79933d2ef5b9}*SharedItemsImports = 4
		..\Common\Logs\Logging\Logging.projitems*{bbfa2045-d2a2-49e9-996b-65a5c24724fe}*SharedItemsImports = 13
	EndGlobalSection
	GlobalSection(SolutionConfigurationPlatforms) = preSolution
		Debug|Any CPU = Debug|Any CPU
		Debug|Mixed Platforms = Debug|Mixed Platforms
		Debug|x86 = Debug|x86
		Release|Any CPU = Release|Any CPU
		Release|Mixed Platforms = Release|Mixed Platforms
		Release|x86 = Release|x86
	EndGlobalSection
	GlobalSection(ProjectConfigurationPlatforms) = postSolution
		{D1920FEF-DEF8-4F7A-8A27-C80CD86BF19E}.Debug|Any CPU.ActiveCfg = Debug|x86
		{D1920FEF-DEF8-4F7A-8A27-C80CD86BF19E}.Debug|Mixed Platforms.ActiveCfg = Debug|x86
		{D1920FEF-DEF8-4F7A-8A27-C80CD86BF19E}.Debug|Mixed Platforms.Build.0 = Debug|x86
		{D1920FEF-DEF8-4F7A-8A27-C80CD86BF19E}.Debug|x86.ActiveCfg = Debug|x86
		{D1920FEF-DEF8-4F7A-8A27-C80CD86BF19E}.Debug|x86.Build.0 = Debug|x86
		{D1920FEF-DEF8-4F7A-8A27-C80CD86BF19E}.Release|Any CPU.ActiveCfg = Release|x86
		{D1920FEF-DEF8-4F7A-8A27-C80CD86BF19E}.Release|Mixed Platforms.ActiveCfg = Release|x86
		{D1920FEF-DEF8-4F7A-8A27-C80CD86BF19E}.Release|Mixed Platforms.Build.0 = Release|x86
		{D1920FEF-DEF8-4F7A-8A27-C80CD86BF19E}.Release|x86.ActiveCfg = Release|x86
		{D1920FEF-DEF8-4F7A-8A27-C80CD86BF19E}.Release|x86.Build.0 = Release|x86
		{FF886144-273C-4B2F-ACF0-479316446BA1}.Debug|Any CPU.ActiveCfg = Debug|x86
		{FF886144-273C-4B2F-ACF0-479316446BA1}.Debug|Mixed Platforms.ActiveCfg = Debug|x86
		{FF886144-273C-4B2F-ACF0-479316446BA1}.Debug|Mixed Platforms.Build.0 = Debug|x86
		{FF886144-273C-4B2F-ACF0-479316446BA1}.Debug|x86.ActiveCfg = Debug|x86
		{FF886144-273C-4B2F-ACF0-479316446BA1}.Debug|x86.Build.0 = Debug|x86
		{FF886144-273C-4B2F-ACF0-479316446BA1}.Release|Any CPU.ActiveCfg = Release|x86
		{FF886144-273C-4B2F-ACF0-479316446BA1}.Release|Mixed Platforms.ActiveCfg = Release|x86
		{FF886144-273C-4B2F-ACF0-479316446BA1}.Release|Mixed Platforms.Build.0 = Release|x86
		{FF886144-273C-4B2F-ACF0-479316446BA1}.Release|x86.ActiveCfg = Release|x86
		{FF886144-273C-4B2F-ACF0-479316446BA1}.Release|x86.Build.0 = Release|x86
		{02037B3B-581C-4039-95DE-5F4CFA22AF6B}.Debug|Any CPU.ActiveCfg = Debug|Any CPU
		{02037B3B-581C-4039-95DE-5F4CFA22AF6B}.Debug|Any CPU.Build.0 = Debug|Any CPU
		{02037B3B-581C-4039-95DE-5F4CFA22AF6B}.Debug|Mixed Platforms.ActiveCfg = Debug|Any CPU
		{02037B3B-581C-4039-95DE-5F4CFA22AF6B}.Debug|Mixed Platforms.Build.0 = Debug|Any CPU
		{02037B3B-581C-4039-95DE-5F4CFA22AF6B}.Debug|x86.ActiveCfg = Debug|Any CPU
		{02037B3B-581C-4039-95DE-5F4CFA22AF6B}.Release|Any CPU.ActiveCfg = Release|Any CPU
		{02037B3B-581C-4039-95DE-5F4CFA22AF6B}.Release|Any CPU.Build.0 = Release|Any CPU
		{02037B3B-581C-4039-95DE-5F4CFA22AF6B}.Release|Mixed Platforms.ActiveCfg = Release|Any CPU
		{02037B3B-581C-4039-95DE-5F4CFA22AF6B}.Release|Mixed Platforms.Build.0 = Release|Any CPU
		{02037B3B-581C-4039-95DE-5F4CFA22AF6B}.Release|x86.ActiveCfg = Release|Any CPU
		{AE13809A-76A6-4DC6-9CEB-79933D2EF5B9}.Debug|Any CPU.ActiveCfg = Debug|Any CPU
		{AE13809A-76A6-4DC6-9CEB-79933D2EF5B9}.Debug|Any CPU.Build.0 = Debug|Any CPU
		{AE13809A-76A6-4DC6-9CEB-79933D2EF5B9}.Debug|Mixed Platforms.ActiveCfg = Debug|Any CPU
		{AE13809A-76A6-4DC6-9CEB-79933D2EF5B9}.Debug|Mixed Platforms.Build.0 = Debug|Any CPU
		{AE13809A-76A6-4DC6-9CEB-79933D2EF5B9}.Debug|x86.ActiveCfg = Debug|Any CPU
		{AE13809A-76A6-4DC6-9CEB-79933D2EF5B9}.Release|Any CPU.ActiveCfg = Release|Any CPU
		{AE13809A-76A6-4DC6-9CEB-79933D2EF5B9}.Release|Any CPU.Build.0 = Release|Any CPU
		{AE13809A-76A6-4DC6-9CEB-79933D2EF5B9}.Release|Mixed Platforms.ActiveCfg = Release|Any CPU
		{AE13809A-76A6-4DC6-9CEB-79933D2EF5B9}.Release|Mixed Platforms.Build.0 = Release|Any CPU
		{AE13809A-76A6-4DC6-9CEB-79933D2EF5B9}.Release|x86.ActiveCfg = Release|Any CPU
		{9CD3284B-13C2-4B42-BB49-6067AD90E0D3}.Debug|Any CPU.ActiveCfg = Debug|x86
		{9CD3284B-13C2-4B42-BB49-6067AD90E0D3}.Debug|Mixed Platforms.ActiveCfg = Debug|x86
		{9CD3284B-13C2-4B42-BB49-6067AD90E0D3}.Debug|Mixed Platforms.Build.0 = Debug|x86
		{9CD3284B-13C2-4B42-BB49-6067AD90E0D3}.Debug|x86.ActiveCfg = Debug|x86
		{9CD3284B-13C2-4B42-BB49-6067AD90E0D3}.Debug|x86.Build.0 = Debug|x86
		{9CD3284B-13C2-4B42-BB49-6067AD90E0D3}.Release|Any CPU.ActiveCfg = Release|x86
		{9CD3284B-13C2-4B42-BB49-6067AD90E0D3}.Release|Mixed Platforms.ActiveCfg = Release|x86
		{9CD3284B-13C2-4B42-BB49-6067AD90E0D3}.Release|Mixed Platforms.Build.0 = Release|x86
		{9CD3284B-13C2-4B42-BB49-6067AD90E0D3}.Release|x86.ActiveCfg = Release|x86
		{9CD3284B-13C2-4B42-BB49-6067AD90E0D3}.Release|x86.Build.0 = Release|x86
		{D48D37B6-1AD2-4900-A717-85EF1AF559B7}.Debug|Any CPU.ActiveCfg = Debug|Any CPU
		{D48D37B6-1AD2-4900-A717-85EF1AF559B7}.Debug|Any CPU.Build.0 = Debug|Any CPU
		{D48D37B6-1AD2-4900-A717-85EF1AF559B7}.Debug|Mixed Platforms.ActiveCfg = Debug|Any CPU
		{D48D37B6-1AD2-4900-A717-85EF1AF559B7}.Debug|Mixed Platforms.Build.0 = Debug|Any CPU
		{D48D37B6-1AD2-4900-A717-85EF1AF559B7}.Debug|x86.ActiveCfg = Debug|Any CPU
		{D48D37B6-1AD2-4900-A717-85EF1AF559B7}.Debug|x86.Build.0 = Debug|Any CPU
		{D48D37B6-1AD2-4900-A717-85EF1AF559B7}.Release|Any CPU.ActiveCfg = Release|Any CPU
		{D48D37B6-1AD2-4900-A717-85EF1AF559B7}.Release|Any CPU.Build.0 = Release|Any CPU
		{D48D37B6-1AD2-4900-A717-85EF1AF559B7}.Release|Mixed Platforms.ActiveCfg = Release|Any CPU
		{D48D37B6-1AD2-4900-A717-85EF1AF559B7}.Release|Mixed Platforms.Build.0 = Release|Any CPU
		{D48D37B6-1AD2-4900-A717-85EF1AF559B7}.Release|x86.ActiveCfg = Release|Any CPU
		{D48D37B6-1AD2-4900-A717-85EF1AF559B7}.Release|x86.Build.0 = Release|Any CPU
	EndGlobalSection
	GlobalSection(SolutionProperties) = preSolution
		HideSolutionNode = FALSE
	EndGlobalSection
	GlobalSection(NestedProjects) = preSolution
		{D1920FEF-DEF8-4F7A-8A27-C80CD86BF19E} = {C34E738D-E959-432C-A582-CA3C9C00670F}
		{FF886144-273C-4B2F-ACF0-479316446BA1} = {C34E738D-E959-432C-A582-CA3C9C00670F}
		{02037B3B-581C-4039-95DE-5F4CFA22AF6B} = {71ABE565-DFAA-4688-B512-9DCF2769E26B}
		{AE13809A-76A6-4DC6-9CEB-79933D2EF5B9} = {71ABE565-DFAA-4688-B512-9DCF2769E26B}
		{9CD3284B-13C2-4B42-BB49-6067AD90E0D3} = {C34E738D-E959-432C-A582-CA3C9C00670F}
		{D48D37B6-1AD2-4900-A717-85EF1AF559B7} = {71ABE565-DFAA-4688-B512-9DCF2769E26B}
		{BBFA2045-D2A2-49E9-996B-65A5C24724FE} = {D48ED044-7D74-4D70-9905-8A30D504A08E}
	EndGlobalSection
	GlobalSection(ExtensibilityGlobals) = postSolution
		SolutionGuid = {8AB31406-24E9-401D-B935-EBFD179CF7FD}
	EndGlobalSection
EndGlobal
